{
  "lockfileVersion": 1,
  "workspaces": {
    "": {
      "name": "bun-html",
      "dependencies": {
        "@michijs/htmltype": "0.2.18",
      },
      "devDependencies": {
        "@types/bun": "latest",
      },
    },
  },
  "packages": {
    "@michijs/htmltype": ["@michijs/htmltype@0.2.18", "", { "dependencies": { "@michijs/vscode-mathml": "1.0.4", "@michijs/vscode-svg": "2.0.8", "@vscode/web-custom-data": "0.4.12" }, "peerDependencies": { "csstype": "^3.1.2" } }, "sha512-mQUaW9TyMRM4zN+Ne8tGcuEb5WSQ/GxisMYuNzzjbzI/Q55GxQBUF0zwMN4w3gAj5F4nP8eQTnnkLwP7NyINcg=="],

    "@michijs/vscode-mathml": ["@michijs/vscode-mathml@1.0.4", "", {}, "sha512-ym9dbFVg9Rp1dsIcFJHxnM8RDlzFQodQ+55xPpG290yPQS9TFRF1vOk4vU6GBvzyVQxcEdtSFRIfvqc6LVw3ww=="],

    "@michijs/vscode-svg": ["@michijs/vscode-svg@2.0.8", "", {}, "sha512-Et8dznYkatHGeLZ3xiHJneCNM0VF5F5bCFd1S4le0Ud+WHHdImi+funqCNiEuPbc9jT9K1GPzv1cKFUUld5G6g=="],

    "@types/bun": ["@types/bun@1.2.11", "", { "dependencies": { "bun-types": "1.2.11" } }, "sha512-ZLbbI91EmmGwlWTRWuV6J19IUiUC5YQ3TCEuSHI3usIP75kuoA8/0PVF+LTrbEnVc8JIhpElWOxv1ocI1fJBbw=="],

    "@types/node": ["@types/node@22.14.1", "", { "dependencies": { "undici-types": "~6.21.0" } }, "sha512-u0HuPQwe/dHrItgHHpmw3N2fYCR6x4ivMNbPHRkBVP4CvN+kiRrKHWk3i8tXiO/joPwXLMYvF9TTF0eqgHIuOw=="],

    "@vscode/web-custom-data": ["@vscode/web-custom-data@0.4.12", "", {}, "sha512-bCemuvwCC84wJQbJoaPou86sjz9DUvZgGa6sAWQwzw7oIELD7z+WnUj2Rdsu8/8XPhKLcg3IswQ2+Pm3OMinIg=="],

    "bun-types": ["bun-types@1.2.11", "", { "dependencies": { "@types/node": "*" } }, "sha512-dbkp5Lo8HDrXkLrONm6bk+yiiYQSntvFUzQp0v3pzTAsXk6FtgVMjdQ+lzFNVAmQFUkPQZ3WMZqH5tTo+Dp/IA=="],

    "csstype": ["csstype@3.1.3", "", {}, "sha512-M1uQkMl8rQK/szD0LNhtqxIPLpimGm8sOBwU7lLnCpSbTyY3yeU1Vc7l4KT5zT4s/yOxHH5O7tIuuLOCnLADRw=="],

    "undici-types": ["undici-types@6.21.0", "", {}, "sha512-iwDZqg0QAGrg9Rav5H4n0M64c3mkR59cJ6wQp+7C4nI0gsmExaedaYLNO44eT4AtBBwjbTiGPMlt2Md0T9H9JQ=="],
  }
}
